
Microsoft Visual Studio Solution File, Format Version 12.00
# Visual Studio Version 17
VisualStudioVersion = 17.0.31903.59
MinimumVisualStudioVersion = 10.0.40219.1
Project("{9A19103F-16F7-4668-BE54-9A1E7A4F7556}") = "SimpleBrokeredMessaging.Sender", "SimpleBrokeredMessaging.Sender\SimpleBrokeredMessaging.Sender.csproj", "{FEEA1E3C-DAC5-459F-A53A-2F8AA2D7E913}"
EndProject
Project("{9A19103F-16F7-4668-BE54-9A1E7A4F7556}") = "SimpleBrokeredMessaging.Receiver", "SimpleBrokeredMessaging.Receiver\SimpleBrokeredMessaging.Receiver.csproj", "{6B769536-1096-4262-89EB-ECCB4205E105}"
EndProject
Project("{9A19103F-16F7-4668-BE54-9A1E7A4F7556}") = "SimpleBrokeredMessaging.ChatConsole", "SimpleBrokeredMessaging.ChatConsole\SimpleBrokeredMessaging.ChatConsole.csproj", "{13BACD95-25A2-46A0-9955-50283F4FC879}"
EndProject
Global
	GlobalSection(SolutionConfigurationPlatforms) = preSolution
		Debug|Any CPU = Debug|Any CPU
		Release|Any CPU = Release|Any CPU
	EndGlobalSection
	GlobalSection(ProjectConfigurationPlatforms) = postSolution
		{FEEA1E3C-DAC5-459F-A53A-2F8AA2D7E913}.Debug|Any CPU.ActiveCfg = Debug|Any CPU
		{FEEA1E3C-DAC5-459F-A53A-2F8AA2D7E913}.Debug|Any CPU.Build.0 = Debug|Any CPU
		{FEEA1E3C-DAC5-459F-A53A-2F8AA2D7E913}.Release|Any CPU.ActiveCfg = Release|Any CPU
		{FEEA1E3C-DAC5-459F-A53A-2F8AA2D7E913}.Release|Any CPU.Build.0 = Release|Any CPU
		{6B769536-1096-4262-89EB-ECCB4205E105}.Debug|Any CPU.ActiveCfg = Debug|Any CPU
		{6B769536-1096-4262-89EB-ECCB4205E105}.Debug|Any CPU.Build.0 = Debug|Any CPU
		{6B769536-1096-4262-89EB-ECCB4205E105}.Release|Any CPU.ActiveCfg = Release|Any CPU
		{6B769536-1096-4262-89EB-ECCB4205E105}.Release|Any CPU.Build.0 = Release|Any CPU
		{13BACD95-25A2-46A0-9955-50283F4FC879}.Debug|Any CPU.ActiveCfg = Debug|Any CPU
		{13BACD95-25A2-46A0-9955-50283F4FC879}.Debug|Any CPU.Build.0 = Debug|Any CPU
		{13BACD95-25A2-46A0-9955-50283F4FC879}.Release|Any CPU.ActiveCfg = Release|Any CPU
		{13BACD95-25A2-46A0-9955-50283F4FC879}.Release|Any CPU.Build.0 = Release|Any CPU
	EndGlobalSection
	GlobalSection(SolutionProperties) = preSolution
		HideSolutionNode = FALSE
	EndGlobalSection
	GlobalSection(ExtensibilityGlobals) = postSolution
		SolutionGuid = {706B5A1E-BB88-409C-9B80-8FE9C543B2A9}
	EndGlobalSection
EndGlobal
